
Microsoft Visual Studio Solution File, Format Version 12.00
# Visual Studio Version 16
VisualStudioVersion = 16.0.30621.155
MinimumVisualStudioVersion = 10.0.40219.1
Project("{FAE04EC0-301F-11D3-BF4B-00C04F79EFBC}") = "PixelwareApp", "PixelwareApp\PixelwareApp.csproj", "{0B4D69DC-6ED6-4F42-906E-246CBEA26E76}"
EndProject
Global
	GlobalSection(SolutionConfigurationPlatforms) = preSolution
		Debug|Any CPU = Debug|Any CPU
		Release|Any CPU = Release|Any CPU
	EndGlobalSection
	GlobalSection(ProjectConfigurationPlatforms) = postSolution
		{0B4D69DC-6ED6-4F42-906E-246CBEA26E76}.Debug|Any CPU.ActiveCfg = Debug|Any CPU
		{0B4D69DC-6ED6-4F42-906E-246CBEA26E76}.Debug|Any CPU.Build.0 = Debug|Any CPU
		{0B4D69DC-6ED6-4F42-906E-246CBEA26E76}.Release|Any CPU.ActiveCfg = Release|Any CPU
		{0B4D69DC-6ED6-4F42-906E-246CBEA26E76}.Release|Any CPU.Build.0 = Release|Any CPU
	EndGlobalSection
	GlobalSection(SolutionProperties) = preSolution
		HideSolutionNode = FALSE
	EndGlobalSection
	GlobalSection(ExtensibilityGlobals) = postSolution
		SolutionGuid = {D85A186F-CD1E-48CB-BAF8-FF0E533BCC4B}
	EndGlobalSection
EndGlobal
